
Microsoft Visual Studio Solution File, Format Version 12.00
# Visual Studio Version 17
VisualStudioVersion = 17.3.32901.215
MinimumVisualStudioVersion = 10.0.40219.1
Project("{9A19103F-16F7-4668-BE54-9A1E7A4F7556}") = "Persistence", "src\Persistence\Persistence.csproj", "{1BA33966-BB95-4AEC-A1C5-19F2290E60DE}"
EndProject
Project("{9A19103F-16F7-4668-BE54-9A1E7A4F7556}") = "Persistence.Abstractions", "src\Persistence.Abstractions\Persistence.Abstractions.csproj", "{E695E172-1EEA-4CFB-A723-600DC124929A}"
EndProject
Project("{9A19103F-16F7-4668-BE54-9A1E7A4F7556}") = "Persistence.Reactive", "src\Persistence.Reactive\Persistence.Reactive.csproj", "{BF716EF2-D8AC-43C4-A9EF-E6C2919DE298}"
EndProject
Project("{9A19103F-16F7-4668-BE54-9A1E7A4F7556}") = "Persistence.Tests", "src\Persistence.Tests\Persistence.Tests.csproj", "{F7D99039-6B1C-40E0-B591-65055948057C}"
EndProject
Project("{9A19103F-16F7-4668-BE54-9A1E7A4F7556}") = "Persistence.Uno", "src\Persistence.Uno\Persistence.Uno.csproj", "{615679D0-D8D3-45FF-AAE4-DD3BB043E68B}"
EndProject
Project("{9A19103F-16F7-4668-BE54-9A1E7A4F7556}") = "Persistence.Uno.WinUI", "src\Persistence.Uno.WinUI\Persistence.Uno.WinUI.csproj", "{937BE7B4-948E-466D-90BB-99693988CF9C}"
EndProject
Project("{D954291E-2A0B-460D-934E-DC6B0785DB48}") = "Persistence.Shared", "src\Persistence.Shared\Persistence.Shared.shproj", "{EEE401FC-B4EB-469F-8FD5-745DFB7639BE}"
EndProject
Project("{2150E333-8FDC-42A3-9474-1A3956D46DE8}") = "Library", "Library", "{513F12B5-5297-41D0-85F3-B50ADCDA745C}"
EndProject
Project("{2150E333-8FDC-42A3-9474-1A3956D46DE8}") = "Tests", "Tests", "{2DE96007-8B5B-4A90-B5CB-CC50534B1179}"
EndProject
Project("{2150E333-8FDC-42A3-9474-1A3956D46DE8}") = "Samples", "Samples", "{CFE1395C-3176-4E42-99FF-C5869254FE52}"
EndProject
Project("{D954291E-2A0B-460D-934E-DC6B0785DB48}") = "Nventive.Persistence.Sample.Shared", "src\Nventive.Persistence.Sample\Nventive.Persistence.Sample.Shared\Nventive.Persistence.Sample.Shared.shproj", "{6279C845-92F8-4333-AB99-3D213163593C}"
EndProject
Project("{9A19103F-16F7-4668-BE54-9A1E7A4F7556}") = "Nventive.Persistence.Sample.Windows", "src\Nventive.Persistence.Sample\Nventive.Persistence.Sample.Windows\Nventive.Persistence.Sample.Windows.csproj", "{7C9FD98F-3D02-47DF-951B-D9BF46BFC261}"
EndProject
Project("{9A19103F-16F7-4668-BE54-9A1E7A4F7556}") = "Nventive.Persistence.Sample.Mobile", "src\Nventive.Persistence.Sample\Nventive.Persistence.Sample.Mobile\Nventive.Persistence.Sample.Mobile.csproj", "{DE434995-7361-4FBF-8B0D-3052509B18EC}"
EndProject
Global
	GlobalSection(SolutionConfigurationPlatforms) = preSolution
		Debug|Android = Debug|Android
		Debug|Any CPU = Debug|Any CPU
		Debug|arm64 = Debug|arm64
		Debug|iOS = Debug|iOS
		Debug|NuGet = Debug|NuGet
		Debug|UAP = Debug|UAP
		Debug|x64 = Debug|x64
		Debug|x86 = Debug|x86
		Release|Android = Release|Android
		Release|Any CPU = Release|Any CPU
		Release|arm64 = Release|arm64
		Release|iOS = Release|iOS
		Release|NuGet = Release|NuGet
		Release|UAP = Release|UAP
		Release|x64 = Release|x64
		Release|x86 = Release|x86
	EndGlobalSection
	GlobalSection(ProjectConfigurationPlatforms) = postSolution
		{1BA33966-BB95-4AEC-A1C5-19F2290E60DE}.Debug|Android.ActiveCfg = Debug|Any CPU
		{1BA33966-BB95-4AEC-A1C5-19F2290E60DE}.Debug|Android.Build.0 = Debug|Any CPU
		{1BA33966-BB95-4AEC-A1C5-19F2290E60DE}.Debug|Any CPU.ActiveCfg = Debug|Any CPU
		{1BA33966-BB95-4AEC-A1C5-19F2290E60DE}.Debug|Any CPU.Build.0 = Debug|Any CPU
		{1BA33966-BB95-4AEC-A1C5-19F2290E60DE}.Debug|arm64.ActiveCfg = Debug|Any CPU
		{1BA33966-BB95-4AEC-A1C5-19F2290E60DE}.Debug|arm64.Build.0 = Debug|Any CPU
		{1BA33966-BB95-4AEC-A1C5-19F2290E60DE}.Debug|iOS.ActiveCfg = Debug|Any CPU
		{1BA33966-BB95-4AEC-A1C5-19F2290E60DE}.Debug|iOS.Build.0 = Debug|Any CPU
		{1BA33966-BB95-4AEC-A1C5-19F2290E60DE}.Debug|NuGet.ActiveCfg = Debug|Any CPU
		{1BA33966-BB95-4AEC-A1C5-19F2290E60DE}.Debug|NuGet.Build.0 = Debug|Any CPU
		{1BA33966-BB95-4AEC-A1C5-19F2290E60DE}.Debug|UAP.ActiveCfg = Debug|Any CPU
		{1BA33966-BB95-4AEC-A1C5-19F2290E60DE}.Debug|UAP.Build.0 = Debug|Any CPU
		{1BA33966-BB95-4AEC-A1C5-19F2290E60DE}.Debug|x64.ActiveCfg = Debug|Any CPU
		{1BA33966-BB95-4AEC-A1C5-19F2290E60DE}.Debug|x64.Build.0 = Debug|Any CPU
		{1BA33966-BB95-4AEC-A1C5-19F2290E60DE}.Debug|x86.ActiveCfg = Debug|Any CPU
		{1BA33966-BB95-4AEC-A1C5-19F2290E60DE}.Debug|x86.Build.0 = Debug|Any CPU
		{1BA33966-BB95-4AEC-A1C5-19F2290E60DE}.Release|Android.ActiveCfg = Release|Any CPU
		{1BA33966-BB95-4AEC-A1C5-19F2290E60DE}.Release|Android.Build.0 = Release|Any CPU
		{1BA33966-BB95-4AEC-A1C5-19F2290E60DE}.Release|Any CPU.ActiveCfg = Release|Any CPU
		{1BA33966-BB95-4AEC-A1C5-19F2290E60DE}.Release|Any CPU.Build.0 = Release|Any CPU
		{1BA33966-BB95-4AEC-A1C5-19F2290E60DE}.Release|arm64.ActiveCfg = Release|Any CPU
		{1BA33966-BB95-4AEC-A1C5-19F2290E60DE}.Release|arm64.Build.0 = Release|Any CPU
		{1BA33966-BB95-4AEC-A1C5-19F2290E60DE}.Release|iOS.ActiveCfg = Release|Any CPU
		{1BA33966-BB95-4AEC-A1C5-19F2290E60DE}.Release|iOS.Build.0 = Release|Any CPU
		{1BA33966-BB95-4AEC-A1C5-19F2290E60DE}.Release|NuGet.ActiveCfg = Release|Any CPU
		{1BA33966-BB95-4AEC-A1C5-19F2290E60DE}.Release|NuGet.Build.0 = Release|Any CPU
		{1BA33966-BB95-4AEC-A1C5-19F2290E60DE}.Release|UAP.ActiveCfg = Release|Any CPU
		{1BA33966-BB95-4AEC-A1C5-19F2290E60DE}.Release|UAP.Build.0 = Release|Any CPU
		{1BA33966-BB95-4AEC-A1C5-19F2290E60DE}.Release|x64.ActiveCfg = Release|Any CPU
		{1BA33966-BB95-4AEC-A1C5-19F2290E60DE}.Release|x64.Build.0 = Release|Any CPU
		{1BA33966-BB95-4AEC-A1C5-19F2290E60DE}.Release|x86.ActiveCfg = Release|Any CPU
		{1BA33966-BB95-4AEC-A1C5-19F2290E60DE}.Release|x86.Build.0 = Release|Any CPU
		{E695E172-1EEA-4CFB-A723-600DC124929A}.Debug|Android.ActiveCfg = Debug|Any CPU
		{E695E172-1EEA-4CFB-A723-600DC124929A}.Debug|Android.Build.0 = Debug|Any CPU
		{E695E172-1EEA-4CFB-A723-600DC124929A}.Debug|Any CPU.ActiveCfg = Debug|Any CPU
		{E695E172-1EEA-4CFB-A723-600DC124929A}.Debug|Any CPU.Build.0 = Debug|Any CPU
		{E695E172-1EEA-4CFB-A723-600DC124929A}.Debug|arm64.ActiveCfg = Debug|Any CPU
		{E695E172-1EEA-4CFB-A723-600DC124929A}.Debug|arm64.Build.0 = Debug|Any CPU
		{E695E172-1EEA-4CFB-A723-600DC124929A}.Debug|iOS.ActiveCfg = Debug|Any CPU
		{E695E172-1EEA-4CFB-A723-600DC124929A}.Debug|iOS.Build.0 = Debug|Any CPU
		{E695E172-1EEA-4CFB-A723-600DC124929A}.Debug|NuGet.ActiveCfg = Debug|Any CPU
		{E695E172-1EEA-4CFB-A723-600DC124929A}.Debug|NuGet.Build.0 = Debug|Any CPU
		{E695E172-1EEA-4CFB-A723-600DC124929A}.Debug|UAP.ActiveCfg = Debug|Any CPU
		{E695E172-1EEA-4CFB-A723-600DC124929A}.Debug|UAP.Build.0 = Debug|Any CPU
		{E695E172-1EEA-4CFB-A723-600DC124929A}.Debug|x64.ActiveCfg = Debug|Any CPU
		{E695E172-1EEA-4CFB-A723-600DC124929A}.Debug|x64.Build.0 = Debug|Any CPU
		{E695E172-1EEA-4CFB-A723-600DC124929A}.Debug|x86.ActiveCfg = Debug|Any CPU
		{E695E172-1EEA-4CFB-A723-600DC124929A}.Debug|x86.Build.0 = Debug|Any CPU
		{E695E172-1EEA-4CFB-A723-600DC124929A}.Release|Android.ActiveCfg = Release|Any CPU
		{E695E172-1EEA-4CFB-A723-600DC124929A}.Release|Android.Build.0 = Release|Any CPU
		{E695E172-1EEA-4CFB-A723-600DC124929A}.Release|Any CPU.ActiveCfg = Release|Any CPU
		{E695E172-1EEA-4CFB-A723-600DC124929A}.Release|Any CPU.Build.0 = Release|Any CPU
		{E695E172-1EEA-4CFB-A723-600DC124929A}.Release|arm64.ActiveCfg = Release|Any CPU
		{E695E172-1EEA-4CFB-A723-600DC124929A}.Release|arm64.Build.0 = Release|Any CPU
		{E695E172-1EEA-4CFB-A723-600DC124929A}.Release|iOS.ActiveCfg = Release|Any CPU
		{E695E172-1EEA-4CFB-A723-600DC124929A}.Release|iOS.Build.0 = Release|Any CPU
		{E695E172-1EEA-4CFB-A723-600DC124929A}.Release|NuGet.ActiveCfg = Release|Any CPU
		{E695E172-1EEA-4CFB-A723-600DC124929A}.Release|NuGet.Build.0 = Release|Any CPU
		{E695E172-1EEA-4CFB-A723-600DC124929A}.Release|UAP.ActiveCfg = Release|Any CPU
		{E695E172-1EEA-4CFB-A723-600DC124929A}.Release|UAP.Build.0 = Release|Any CPU
		{E695E172-1EEA-4CFB-A723-600DC124929A}.Release|x64.ActiveCfg = Release|Any CPU
		{E695E172-1EEA-4CFB-A723-600DC124929A}.Release|x64.Build.0 = Release|Any CPU
		{E695E172-1EEA-4CFB-A723-600DC124929A}.Release|x86.ActiveCfg = Release|Any CPU
		{E695E172-1EEA-4CFB-A723-600DC124929A}.Release|x86.Build.0 = Release|Any CPU
		{BF716EF2-D8AC-43C4-A9EF-E6C2919DE298}.Debug|Android.ActiveCfg = Debug|Any CPU
		{BF716EF2-D8AC-43C4-A9EF-E6C2919DE298}.Debug|Android.Build.0 = Debug|Any CPU
		{BF716EF2-D8AC-43C4-A9EF-E6C2919DE298}.Debug|Any CPU.ActiveCfg = Debug|Any CPU
		{BF716EF2-D8AC-43C4-A9EF-E6C2919DE298}.Debug|Any CPU.Build.0 = Debug|Any CPU
		{BF716EF2-D8AC-43C4-A9EF-E6C2919DE298}.Debug|arm64.ActiveCfg = Debug|Any CPU
		{BF716EF2-D8AC-43C4-A9EF-E6C2919DE298}.Debug|arm64.Build.0 = Debug|Any CPU
		{BF716EF2-D8AC-43C4-A9EF-E6C2919DE298}.Debug|iOS.ActiveCfg = Debug|Any CPU
		{BF716EF2-D8AC-43C4-A9EF-E6C2919DE298}.Debug|iOS.Build.0 = Debug|Any CPU
		{BF716EF2-D8AC-43C4-A9EF-E6C2919DE298}.Debug|NuGet.ActiveCfg = Debug|Any CPU
		{BF716EF2-D8AC-43C4-A9EF-E6C2919DE298}.Debug|NuGet.Build.0 = Debug|Any CPU
		{BF716EF2-D8AC-43C4-A9EF-E6C2919DE298}.Debug|UAP.ActiveCfg = Debug|Any CPU
		{BF716EF2-D8AC-43C4-A9EF-E6C2919DE298}.Debug|UAP.Build.0 = Debug|Any CPU
		{BF716EF2-D8AC-43C4-A9EF-E6C2919DE298}.Debug|x64.ActiveCfg = Debug|Any CPU
		{BF716EF2-D8AC-43C4-A9EF-E6C2919DE298}.Debug|x64.Build.0 = Debug|Any CPU
		{BF716EF2-D8AC-43C4-A9EF-E6C2919DE298}.Debug|x86.ActiveCfg = Debug|Any CPU
		{BF716EF2-D8AC-43C4-A9EF-E6C2919DE298}.Debug|x86.Build.0 = Debug|Any CPU
		{BF716EF2-D8AC-43C4-A9EF-E6C2919DE298}.Release|Android.ActiveCfg = Release|Any CPU
		{BF716EF2-D8AC-43C4-A9EF-E6C2919DE298}.Release|Android.Build.0 = Release|Any CPU
		{BF716EF2-D8AC-43C4-A9EF-E6C2919DE298}.Release|Any CPU.ActiveCfg = Release|Any CPU
		{BF716EF2-D8AC-43C4-A9EF-E6C2919DE298}.Release|Any CPU.Build.0 = Release|Any CPU
		{BF716EF2-D8AC-43C4-A9EF-E6C2919DE298}.Release|arm64.ActiveCfg = Release|Any CPU
		{BF716EF2-D8AC-43C4-A9EF-E6C2919DE298}.Release|arm64.Build.0 = Release|Any CPU
		{BF716EF2-D8AC-43C4-A9EF-E6C2919DE298}.Release|iOS.ActiveCfg = Release|Any CPU
		{BF716EF2-D8AC-43C4-A9EF-E6C2919DE298}.Release|iOS.Build.0 = Release|Any CPU
		{BF716EF2-D8AC-43C4-A9EF-E6C2919DE298}.Release|NuGet.ActiveCfg = Release|Any CPU
		{BF716EF2-D8AC-43C4-A9EF-E6C2919DE298}.Release|NuGet.Build.0 = Release|Any CPU
		{BF716EF2-D8AC-43C4-A9EF-E6C2919DE298}.Release|UAP.ActiveCfg = Release|Any CPU
		{BF716EF2-D8AC-43C4-A9EF-E6C2919DE298}.Release|UAP.Build.0 = Release|Any CPU
		{BF716EF2-D8AC-43C4-A9EF-E6C2919DE298}.Release|x64.ActiveCfg = Release|Any CPU
		{BF716EF2-D8AC-43C4-A9EF-E6C2919DE298}.Release|x64.Build.0 = Release|Any CPU
		{BF716EF2-D8AC-43C4-A9EF-E6C2919DE298}.Release|x86.ActiveCfg = Release|Any CPU
		{BF716EF2-D8AC-43C4-A9EF-E6C2919DE298}.Release|x86.Build.0 = Release|Any CPU
		{F7D99039-6B1C-40E0-B591-65055948057C}.Debug|Android.ActiveCfg = Debug|Any CPU
		{F7D99039-6B1C-40E0-B591-65055948057C}.Debug|Any CPU.ActiveCfg = Debug|Any CPU
		{F7D99039-6B1C-40E0-B591-65055948057C}.Debug|Any CPU.Build.0 = Debug|Any CPU
		{F7D99039-6B1C-40E0-B591-65055948057C}.Debug|arm64.ActiveCfg = Debug|Any CPU
		{F7D99039-6B1C-40E0-B591-65055948057C}.Debug|arm64.Build.0 = Debug|Any CPU
		{F7D99039-6B1C-40E0-B591-65055948057C}.Debug|iOS.ActiveCfg = Debug|Any CPU
		{F7D99039-6B1C-40E0-B591-65055948057C}.Debug|NuGet.ActiveCfg = Debug|Any CPU
		{F7D99039-6B1C-40E0-B591-65055948057C}.Debug|NuGet.Build.0 = Debug|Any CPU
		{F7D99039-6B1C-40E0-B591-65055948057C}.Debug|UAP.ActiveCfg = Debug|Any CPU
		{F7D99039-6B1C-40E0-B591-65055948057C}.Debug|x64.ActiveCfg = Debug|Any CPU
		{F7D99039-6B1C-40E0-B591-65055948057C}.Debug|x64.Build.0 = Debug|Any CPU
		{F7D99039-6B1C-40E0-B591-65055948057C}.Debug|x86.ActiveCfg = Debug|Any CPU
		{F7D99039-6B1C-40E0-B591-65055948057C}.Debug|x86.Build.0 = Debug|Any CPU
		{F7D99039-6B1C-40E0-B591-65055948057C}.Release|Android.ActiveCfg = Release|Any CPU
		{F7D99039-6B1C-40E0-B591-65055948057C}.Release|Any CPU.ActiveCfg = Release|Any CPU
		{F7D99039-6B1C-40E0-B591-65055948057C}.Release|Any CPU.Build.0 = Release|Any CPU
		{F7D99039-6B1C-40E0-B591-65055948057C}.Release|arm64.ActiveCfg = Release|Any CPU
		{F7D99039-6B1C-40E0-B591-65055948057C}.Release|arm64.Build.0 = Release|Any CPU
		{F7D99039-6B1C-40E0-B591-65055948057C}.Release|iOS.ActiveCfg = Release|Any CPU
		{F7D99039-6B1C-40E0-B591-65055948057C}.Release|NuGet.ActiveCfg = Release|Any CPU
		{F7D99039-6B1C-40E0-B591-65055948057C}.Release|NuGet.Build.0 = Release|Any CPU
		{F7D99039-6B1C-40E0-B591-65055948057C}.Release|UAP.ActiveCfg = Release|Any CPU
		{F7D99039-6B1C-40E0-B591-65055948057C}.Release|x64.ActiveCfg = Release|Any CPU
		{F7D99039-6B1C-40E0-B591-65055948057C}.Release|x64.Build.0 = Release|Any CPU
		{F7D99039-6B1C-40E0-B591-65055948057C}.Release|x86.ActiveCfg = Release|Any CPU
		{F7D99039-6B1C-40E0-B591-65055948057C}.Release|x86.Build.0 = Release|Any CPU
		{615679D0-D8D3-45FF-AAE4-DD3BB043E68B}.Debug|Android.ActiveCfg = Debug|Any CPU
		{615679D0-D8D3-45FF-AAE4-DD3BB043E68B}.Debug|Android.Build.0 = Debug|Any CPU
		{615679D0-D8D3-45FF-AAE4-DD3BB043E68B}.Debug|Any CPU.ActiveCfg = Debug|Any CPU
		{615679D0-D8D3-45FF-AAE4-DD3BB043E68B}.Debug|Any CPU.Build.0 = Debug|Any CPU
		{615679D0-D8D3-45FF-AAE4-DD3BB043E68B}.Debug|arm64.ActiveCfg = Debug|Any CPU
		{615679D0-D8D3-45FF-AAE4-DD3BB043E68B}.Debug|arm64.Build.0 = Debug|Any CPU
		{615679D0-D8D3-45FF-AAE4-DD3BB043E68B}.Debug|iOS.ActiveCfg = Debug|Any CPU
		{615679D0-D8D3-45FF-AAE4-DD3BB043E68B}.Debug|iOS.Build.0 = Debug|Any CPU
		{615679D0-D8D3-45FF-AAE4-DD3BB043E68B}.Debug|NuGet.ActiveCfg = Debug|Any CPU
		{615679D0-D8D3-45FF-AAE4-DD3BB043E68B}.Debug|NuGet.Build.0 = Debug|Any CPU
		{615679D0-D8D3-45FF-AAE4-DD3BB043E68B}.Debug|UAP.ActiveCfg = Debug|Any CPU
		{615679D0-D8D3-45FF-AAE4-DD3BB043E68B}.Debug|UAP.Build.0 = Debug|Any CPU
		{615679D0-D8D3-45FF-AAE4-DD3BB043E68B}.Debug|x64.ActiveCfg = Debug|Any CPU
		{615679D0-D8D3-45FF-AAE4-DD3BB043E68B}.Debug|x64.Build.0 = Debug|Any CPU
		{615679D0-D8D3-45FF-AAE4-DD3BB043E68B}.Debug|x86.ActiveCfg = Debug|Any CPU
		{615679D0-D8D3-45FF-AAE4-DD3BB043E68B}.Debug|x86.Build.0 = Debug|Any CPU
		{615679D0-D8D3-45FF-AAE4-DD3BB043E68B}.Release|Android.ActiveCfg = Release|Any CPU
		{615679D0-D8D3-45FF-AAE4-DD3BB043E68B}.Release|Android.Build.0 = Release|Any CPU
		{615679D0-D8D3-45FF-AAE4-DD3BB043E68B}.Release|Any CPU.ActiveCfg = Release|Any CPU
		{615679D0-D8D3-45FF-AAE4-DD3BB043E68B}.Release|Any CPU.Build.0 = Release|Any CPU
		{615679D0-D8D3-45FF-AAE4-DD3BB043E68B}.Release|arm64.ActiveCfg = Release|Any CPU
		{615679D0-D8D3-45FF-AAE4-DD3BB043E68B}.Release|arm64.Build.0 = Release|Any CPU
		{615679D0-D8D3-45FF-AAE4-DD3BB043E68B}.Release|iOS.ActiveCfg = Release|Any CPU
		{615679D0-D8D3-45FF-AAE4-DD3BB043E68B}.Release|iOS.Build.0 = Release|Any CPU
		{615679D0-D8D3-45FF-AAE4-DD3BB043E68B}.Release|NuGet.ActiveCfg = Release|Any CPU
		{615679D0-D8D3-45FF-AAE4-DD3BB043E68B}.Release|NuGet.Build.0 = Release|Any CPU
		{615679D0-D8D3-45FF-AAE4-DD3BB043E68B}.Release|UAP.ActiveCfg = Release|Any CPU
		{615679D0-D8D3-45FF-AAE4-DD3BB043E68B}.Release|UAP.Build.0 = Release|Any CPU
		{615679D0-D8D3-45FF-AAE4-DD3BB043E68B}.Release|x64.ActiveCfg = Release|Any CPU
		{615679D0-D8D3-45FF-AAE4-DD3BB043E68B}.Release|x64.Build.0 = Release|Any CPU
		{615679D0-D8D3-45FF-AAE4-DD3BB043E68B}.Release|x86.ActiveCfg = Release|Any CPU
		{615679D0-D8D3-45FF-AAE4-DD3BB043E68B}.Release|x86.Build.0 = Release|Any CPU
		{937BE7B4-948E-466D-90BB-99693988CF9C}.Debug|Android.ActiveCfg = Debug|Any CPU
		{937BE7B4-948E-466D-90BB-99693988CF9C}.Debug|Android.Build.0 = Debug|Any CPU
		{937BE7B4-948E-466D-90BB-99693988CF9C}.Debug|Any CPU.ActiveCfg = Debug|Any CPU
		{937BE7B4-948E-466D-90BB-99693988CF9C}.Debug|Any CPU.Build.0 = Debug|Any CPU
		{937BE7B4-948E-466D-90BB-99693988CF9C}.Debug|arm64.ActiveCfg = Debug|Any CPU
		{937BE7B4-948E-466D-90BB-99693988CF9C}.Debug|arm64.Build.0 = Debug|Any CPU
		{937BE7B4-948E-466D-90BB-99693988CF9C}.Debug|iOS.ActiveCfg = Debug|Any CPU
		{937BE7B4-948E-466D-90BB-99693988CF9C}.Debug|iOS.Build.0 = Debug|Any CPU
		{937BE7B4-948E-466D-90BB-99693988CF9C}.Debug|NuGet.ActiveCfg = Debug|Any CPU
		{937BE7B4-948E-466D-90BB-99693988CF9C}.Debug|NuGet.Build.0 = Debug|Any CPU
		{937BE7B4-948E-466D-90BB-99693988CF9C}.Debug|UAP.ActiveCfg = Debug|Any CPU
		{937BE7B4-948E-466D-90BB-99693988CF9C}.Debug|UAP.Build.0 = Debug|Any CPU
		{937BE7B4-948E-466D-90BB-99693988CF9C}.Debug|x64.ActiveCfg = Debug|Any CPU
		{937BE7B4-948E-466D-90BB-99693988CF9C}.Debug|x64.Build.0 = Debug|Any CPU
		{937BE7B4-948E-466D-90BB-99693988CF9C}.Debug|x86.ActiveCfg = Debug|Any CPU
		{937BE7B4-948E-466D-90BB-99693988CF9C}.Debug|x86.Build.0 = Debug|Any CPU
		{937BE7B4-948E-466D-90BB-99693988CF9C}.Release|Android.ActiveCfg = Release|Any CPU
		{937BE7B4-948E-466D-90BB-99693988CF9C}.Release|Android.Build.0 = Release|Any CPU
		{937BE7B4-948E-466D-90BB-99693988CF9C}.Release|Any CPU.ActiveCfg = Release|Any CPU
		{937BE7B4-948E-466D-90BB-99693988CF9C}.Release|Any CPU.Build.0 = Release|Any CPU
		{937BE7B4-948E-466D-90BB-99693988CF9C}.Release|arm64.ActiveCfg = Release|Any CPU
		{937BE7B4-948E-466D-90BB-99693988CF9C}.Release|arm64.Build.0 = Release|Any CPU
		{937BE7B4-948E-466D-90BB-99693988CF9C}.Release|iOS.ActiveCfg = Release|Any CPU
		{937BE7B4-948E-466D-90BB-99693988CF9C}.Release|iOS.Build.0 = Release|Any CPU
		{937BE7B4-948E-466D-90BB-99693988CF9C}.Release|NuGet.ActiveCfg = Release|Any CPU
		{937BE7B4-948E-466D-90BB-99693988CF9C}.Release|NuGet.Build.0 = Release|Any CPU
		{937BE7B4-948E-466D-90BB-99693988CF9C}.Release|UAP.ActiveCfg = Release|Any CPU
		{937BE7B4-948E-466D-90BB-99693988CF9C}.Release|UAP.Build.0 = Release|Any CPU
		{937BE7B4-948E-466D-90BB-99693988CF9C}.Release|x64.ActiveCfg = Release|Any CPU
		{937BE7B4-948E-466D-90BB-99693988CF9C}.Release|x64.Build.0 = Release|Any CPU
		{937BE7B4-948E-466D-90BB-99693988CF9C}.Release|x86.ActiveCfg = Release|Any CPU
		{937BE7B4-948E-466D-90BB-99693988CF9C}.Release|x86.Build.0 = Release|Any CPU
		{7C9FD98F-3D02-47DF-951B-D9BF46BFC261}.Debug|Android.ActiveCfg = Debug|x64
		{7C9FD98F-3D02-47DF-951B-D9BF46BFC261}.Debug|Android.Build.0 = Debug|x64
		{7C9FD98F-3D02-47DF-951B-D9BF46BFC261}.Debug|Android.Deploy.0 = Debug|x64
		{7C9FD98F-3D02-47DF-951B-D9BF46BFC261}.Debug|Any CPU.ActiveCfg = Debug|x64
		{7C9FD98F-3D02-47DF-951B-D9BF46BFC261}.Debug|Any CPU.Build.0 = Debug|x64
		{7C9FD98F-3D02-47DF-951B-D9BF46BFC261}.Debug|Any CPU.Deploy.0 = Debug|x64
		{7C9FD98F-3D02-47DF-951B-D9BF46BFC261}.Debug|arm64.ActiveCfg = Debug|arm64
		{7C9FD98F-3D02-47DF-951B-D9BF46BFC261}.Debug|arm64.Build.0 = Debug|arm64
		{7C9FD98F-3D02-47DF-951B-D9BF46BFC261}.Debug|arm64.Deploy.0 = Debug|arm64
		{7C9FD98F-3D02-47DF-951B-D9BF46BFC261}.Debug|iOS.ActiveCfg = Debug|x64
		{7C9FD98F-3D02-47DF-951B-D9BF46BFC261}.Debug|iOS.Build.0 = Debug|x64
		{7C9FD98F-3D02-47DF-951B-D9BF46BFC261}.Debug|iOS.Deploy.0 = Debug|x64
		{7C9FD98F-3D02-47DF-951B-D9BF46BFC261}.Debug|NuGet.ActiveCfg = Debug|x64
		{7C9FD98F-3D02-47DF-951B-D9BF46BFC261}.Debug|NuGet.Build.0 = Debug|x64
		{7C9FD98F-3D02-47DF-951B-D9BF46BFC261}.Debug|NuGet.Deploy.0 = Debug|x64
		{7C9FD98F-3D02-47DF-951B-D9BF46BFC261}.Debug|UAP.ActiveCfg = Debug|x64
		{7C9FD98F-3D02-47DF-951B-D9BF46BFC261}.Debug|UAP.Build.0 = Debug|x64
		{7C9FD98F-3D02-47DF-951B-D9BF46BFC261}.Debug|UAP.Deploy.0 = Debug|x64
		{7C9FD98F-3D02-47DF-951B-D9BF46BFC261}.Debug|x64.ActiveCfg = Debug|x64
		{7C9FD98F-3D02-47DF-951B-D9BF46BFC261}.Debug|x64.Build.0 = Debug|x64
		{7C9FD98F-3D02-47DF-951B-D9BF46BFC261}.Debug|x64.Deploy.0 = Debug|x64
		{7C9FD98F-3D02-47DF-951B-D9BF46BFC261}.Debug|x86.ActiveCfg = Debug|x86
		{7C9FD98F-3D02-47DF-951B-D9BF46BFC261}.Debug|x86.Build.0 = Debug|x86
		{7C9FD98F-3D02-47DF-951B-D9BF46BFC261}.Debug|x86.Deploy.0 = Debug|x86
		{7C9FD98F-3D02-47DF-951B-D9BF46BFC261}.Release|Android.ActiveCfg = Release|x64
		{7C9FD98F-3D02-47DF-951B-D9BF46BFC261}.Release|Android.Build.0 = Release|x64
		{7C9FD98F-3D02-47DF-951B-D9BF46BFC261}.Release|Android.Deploy.0 = Release|x64
		{7C9FD98F-3D02-47DF-951B-D9BF46BFC261}.Release|Any CPU.ActiveCfg = Release|x64
		{7C9FD98F-3D02-47DF-951B-D9BF46BFC261}.Release|Any CPU.Build.0 = Release|x64
		{7C9FD98F-3D02-47DF-951B-D9BF46BFC261}.Release|Any CPU.Deploy.0 = Release|x64
		{7C9FD98F-3D02-47DF-951B-D9BF46BFC261}.Release|arm64.ActiveCfg = Release|arm64
		{7C9FD98F-3D02-47DF-951B-D9BF46BFC261}.Release|arm64.Build.0 = Release|arm64
		{7C9FD98F-3D02-47DF-951B-D9BF46BFC261}.Release|arm64.Deploy.0 = Release|arm64
		{7C9FD98F-3D02-47DF-951B-D9BF46BFC261}.Release|iOS.ActiveCfg = Release|x64
		{7C9FD98F-3D02-47DF-951B-D9BF46BFC261}.Release|iOS.Build.0 = Release|x64
		{7C9FD98F-3D02-47DF-951B-D9BF46BFC261}.Release|iOS.Deploy.0 = Release|x64
		{7C9FD98F-3D02-47DF-951B-D9BF46BFC261}.Release|NuGet.ActiveCfg = Release|x64
		{7C9FD98F-3D02-47DF-951B-D9BF46BFC261}.Release|NuGet.Build.0 = Release|x64
		{7C9FD98F-3D02-47DF-951B-D9BF46BFC261}.Release|NuGet.Deploy.0 = Release|x64
		{7C9FD98F-3D02-47DF-951B-D9BF46BFC261}.Release|UAP.ActiveCfg = Release|x64
		{7C9FD98F-3D02-47DF-951B-D9BF46BFC261}.Release|UAP.Build.0 = Release|x64
		{7C9FD98F-3D02-47DF-951B-D9BF46BFC261}.Release|UAP.Deploy.0 = Release|x64
		{7C9FD98F-3D02-47DF-951B-D9BF46BFC261}.Release|x64.ActiveCfg = Release|x64
		{7C9FD98F-3D02-47DF-951B-D9BF46BFC261}.Release|x64.Build.0 = Release|x64
		{7C9FD98F-3D02-47DF-951B-D9BF46BFC261}.Release|x64.Deploy.0 = Release|x64
		{7C9FD98F-3D02-47DF-951B-D9BF46BFC261}.Release|x86.ActiveCfg = Release|x86
		{7C9FD98F-3D02-47DF-951B-D9BF46BFC261}.Release|x86.Build.0 = Release|x86
		{7C9FD98F-3D02-47DF-951B-D9BF46BFC261}.Release|x86.Deploy.0 = Release|x86
		{DE434995-7361-4FBF-8B0D-3052509B18EC}.Debug|Android.ActiveCfg = Debug|Any CPU
		{DE434995-7361-4FBF-8B0D-3052509B18EC}.Debug|Android.Build.0 = Debug|Any CPU
		{DE434995-7361-4FBF-8B0D-3052509B18EC}.Debug|Any CPU.ActiveCfg = Debug|Any CPU
		{DE434995-7361-4FBF-8B0D-3052509B18EC}.Debug|Any CPU.Build.0 = Debug|Any CPU
		{DE434995-7361-4FBF-8B0D-3052509B18EC}.Debug|Any CPU.Deploy.0 = Debug|Any CPU
		{DE434995-7361-4FBF-8B0D-3052509B18EC}.Debug|arm64.ActiveCfg = Debug|Any CPU
		{DE434995-7361-4FBF-8B0D-3052509B18EC}.Debug|arm64.Build.0 = Debug|Any CPU
		{DE434995-7361-4FBF-8B0D-3052509B18EC}.Debug|iOS.ActiveCfg = Debug|Any CPU
		{DE434995-7361-4FBF-8B0D-3052509B18EC}.Debug|iOS.Build.0 = Debug|Any CPU
		{DE434995-7361-4FBF-8B0D-3052509B18EC}.Debug|NuGet.ActiveCfg = Debug|Any CPU
		{DE434995-7361-4FBF-8B0D-3052509B18EC}.Debug|NuGet.Build.0 = Debug|Any CPU
		{DE434995-7361-4FBF-8B0D-3052509B18EC}.Debug|UAP.ActiveCfg = Debug|Any CPU
		{DE434995-7361-4FBF-8B0D-3052509B18EC}.Debug|UAP.Build.0 = Debug|Any CPU
		{DE434995-7361-4FBF-8B0D-3052509B18EC}.Debug|x64.ActiveCfg = Debug|Any CPU
		{DE434995-7361-4FBF-8B0D-3052509B18EC}.Debug|x64.Build.0 = Debug|Any CPU
		{DE434995-7361-4FBF-8B0D-3052509B18EC}.Debug|x86.ActiveCfg = Debug|Any CPU
		{DE434995-7361-4FBF-8B0D-3052509B18EC}.Debug|x86.Build.0 = Debug|Any CPU
		{DE434995-7361-4FBF-8B0D-3052509B18EC}.Release|Android.ActiveCfg = Release|Any CPU
		{DE434995-7361-4FBF-8B0D-3052509B18EC}.Release|Android.Build.0 = Release|Any CPU
		{DE434995-7361-4FBF-8B0D-3052509B18EC}.Release|Any CPU.ActiveCfg = Release|Any CPU
		{DE434995-7361-4FBF-8B0D-3052509B18EC}.Release|Any CPU.Build.0 = Release|Any CPU
		{DE434995-7361-4FBF-8B0D-3052509B18EC}.Release|arm64.ActiveCfg = Release|Any CPU
		{DE434995-7361-4FBF-8B0D-3052509B18EC}.Release|arm64.Build.0 = Release|Any CPU
		{DE434995-7361-4FBF-8B0D-3052509B18EC}.Release|iOS.ActiveCfg = Release|Any CPU
		{DE434995-7361-4FBF-8B0D-3052509B18EC}.Release|iOS.Build.0 = Release|Any CPU
		{DE434995-7361-4FBF-8B0D-3052509B18EC}.Release|NuGet.ActiveCfg = Release|Any CPU
		{DE434995-7361-4FBF-8B0D-3052509B18EC}.Release|NuGet.Build.0 = Release|Any CPU
		{DE434995-7361-4FBF-8B0D-3052509B18EC}.Release|UAP.ActiveCfg = Release|Any CPU
		{DE434995-7361-4FBF-8B0D-3052509B18EC}.Release|UAP.Build.0 = Release|Any CPU
		{DE434995-7361-4FBF-8B0D-3052509B18EC}.Release|x64.ActiveCfg = Release|Any CPU
		{DE434995-7361-4FBF-8B0D-3052509B18EC}.Release|x64.Build.0 = Release|Any CPU
		{DE434995-7361-4FBF-8B0D-3052509B18EC}.Release|x86.ActiveCfg = Release|Any CPU
		{DE434995-7361-4FBF-8B0D-3052509B18EC}.Release|x86.Build.0 = Release|Any CPU
	EndGlobalSection
	GlobalSection(SolutionProperties) = preSolution
		HideSolutionNode = FALSE
	EndGlobalSection
	GlobalSection(NestedProjects) = preSolution
		{1BA33966-BB95-4AEC-A1C5-19F2290E60DE} = {513F12B5-5297-41D0-85F3-B50ADCDA745C}
		{E695E172-1EEA-4CFB-A723-600DC124929A} = {513F12B5-5297-41D0-85F3-B50ADCDA745C}
		{BF716EF2-D8AC-43C4-A9EF-E6C2919DE298} = {513F12B5-5297-41D0-85F3-B50ADCDA745C}
		{F7D99039-6B1C-40E0-B591-65055948057C} = {2DE96007-8B5B-4A90-B5CB-CC50534B1179}
		{615679D0-D8D3-45FF-AAE4-DD3BB043E68B} = {513F12B5-5297-41D0-85F3-B50ADCDA745C}
		{937BE7B4-948E-466D-90BB-99693988CF9C} = {513F12B5-5297-41D0-85F3-B50ADCDA745C}
		{EEE401FC-B4EB-469F-8FD5-745DFB7639BE} = {513F12B5-5297-41D0-85F3-B50ADCDA745C}
		{6279C845-92F8-4333-AB99-3D213163593C} = {CFE1395C-3176-4E42-99FF-C5869254FE52}
		{7C9FD98F-3D02-47DF-951B-D9BF46BFC261} = {CFE1395C-3176-4E42-99FF-C5869254FE52}
		{DE434995-7361-4FBF-8B0D-3052509B18EC} = {CFE1395C-3176-4E42-99FF-C5869254FE52}
	EndGlobalSection
	GlobalSection(ExtensibilityGlobals) = postSolution
		SolutionGuid = {5BA7DD68-E008-4F53-8F51-83D42D3877B9}
	EndGlobalSection
	GlobalSection(SharedMSBuildProjectFiles) = preSolution
		src\Persistence.Shared\Persistence.Shared.projitems*{615679d0-d8d3-45ff-aae4-dd3bb043e68b}*SharedItemsImports = 5
		src\Nventive.Persistence.Sample\Nventive.Persistence.Sample.Shared\Nventive.Persistence.Sample.Shared.projitems*{6279c845-92f8-4333-ab99-3d213163593c}*SharedItemsImports = 13
		src\Nventive.Persistence.Sample\Nventive.Persistence.Sample.Shared\Nventive.Persistence.Sample.Shared.projitems*{7c9fd98f-3d02-47df-951b-d9bf46bfc261}*SharedItemsImports = 5
		src\Persistence.Shared\Persistence.Shared.projitems*{937be7b4-948e-466d-90bb-99693988cf9c}*SharedItemsImports = 5
		src\Nventive.Persistence.Sample\Nventive.Persistence.Sample.Shared\Nventive.Persistence.Sample.Shared.projitems*{de434995-7361-4fbf-8b0d-3052509b18ec}*SharedItemsImports = 5
		src\Persistence.Shared\Persistence.Shared.projitems*{eee401fc-b4eb-469f-8fd5-745dfb7639be}*SharedItemsImports = 13
	EndGlobalSection
EndGlobal
